#MicroXplorer Configuration settings - do not modify
ADC1.Channel-0\#ChannelRegularConversion=ADC_CHANNEL_0
ADC1.IPParameters=Rank-0\#ChannelRegularConversion,Channel-0\#ChannelRegularConversion,SamplingTime-0\#ChannelRegularConversion,NbrOfConversionFlag,master
ADC1.NbrOfConversionFlag=1
ADC1.Rank-0\#ChannelRegularConversion=1
ADC1.SamplingTime-0\#ChannelRegularConversion=ADC_SAMPLETIME_3CYCLES
ADC1.master=1
ADC2.Channel-0\#ChannelRegularConversion=ADC_CHANNEL_0
ADC2.IPParameters=Rank-0\#ChannelRegularConversion,Channel-0\#ChannelRegularConversion,SamplingTime-0\#ChannelRegularConversion,NbrOfConversionFlag
ADC2.NbrOfConversionFlag=1
ADC2.Rank-0\#ChannelRegularConversion=1
ADC2.SamplingTime-0\#ChannelRegularConversion=ADC_SAMPLETIME_3CYCLES
File.Version=6
KeepUserPlacement=false
Mcu.Family=STM32F7
Mcu.IP0=ADC1
Mcu.IP1=ADC2
Mcu.IP10=RTC
Mcu.IP11=SAI1
Mcu.IP12=SDMMC1
Mcu.IP13=SYS
Mcu.IP14=TIM10
Mcu.IP15=UART8
Mcu.IP16=USB_OTG_HS
Mcu.IP2=CORTEX_M7
Mcu.IP3=DMA2D
Mcu.IP4=I2C1
Mcu.IP5=I2C3
Mcu.IP6=I2C4
Mcu.IP7=NVIC
Mcu.IP8=QUADSPI
Mcu.IP9=RCC
Mcu.IPNb=17
Mcu.Name=STM32F756VGTx
Mcu.Package=LQFP100
Mcu.Pin0=PE2
Mcu.Pin1=PE4
Mcu.Pin10=PA0/WKUP
Mcu.Pin11=PA1
Mcu.Pin12=PA2
Mcu.Pin13=PA3
Mcu.Pin14=PB2
Mcu.Pin15=PE7
Mcu.Pin16=PE8
Mcu.Pin17=PE9
Mcu.Pin18=PE10
Mcu.Pin19=PB12
Mcu.Pin2=PE5
Mcu.Pin20=PB13
Mcu.Pin21=PB14
Mcu.Pin22=PB15
Mcu.Pin23=PD12
Mcu.Pin24=PD13
Mcu.Pin25=PC8
Mcu.Pin26=PC9
Mcu.Pin27=PA8
Mcu.Pin28=PA13
Mcu.Pin29=PA14
Mcu.Pin3=PE6
Mcu.Pin30=PA15
Mcu.Pin31=PC11
Mcu.Pin32=PC12
Mcu.Pin33=PD2
Mcu.Pin34=PB3
Mcu.Pin35=PB6
Mcu.Pin36=PB7
Mcu.Pin37=PB8
Mcu.Pin38=PE0
Mcu.Pin39=PE1
Mcu.Pin4=PC13
Mcu.Pin40=VP_ADC1_Vbat_Input
Mcu.Pin41=VP_DMA2D_VS_DMA2D
Mcu.Pin42=VP_RTC_VS_RTC_Activate
Mcu.Pin43=VP_RTC_VS_RTC_Calendar
Mcu.Pin44=VP_RTC_VS_RTC_WakeUp_intern
Mcu.Pin45=VP_RTC_VS_RTC_Alarm_A_Intern
Mcu.Pin46=VP_SYS_VS_Systick
Mcu.Pin47=VP_TIM10_VS_ClockSourceINT
Mcu.Pin5=PC14/OSC32_IN
Mcu.Pin6=PC15/OSC32_OUT
Mcu.Pin7=PH0/OSC_IN
Mcu.Pin8=PH1/OSC_OUT
Mcu.Pin9=PC1
Mcu.PinsNb=48
Mcu.UserConstants=
Mcu.UserName=STM32F756VGTx
MxCube.Version=4.22.0
MxDb.Version=DB.4.0.220
NVIC.BusFault_IRQn=true\:0\:0\:false\:false\:true
NVIC.DebugMonitor_IRQn=true\:0\:0\:false\:false\:true
NVIC.HardFault_IRQn=true\:0\:0\:false\:false\:true
NVIC.MemoryManagement_IRQn=true\:0\:0\:false\:false\:true
NVIC.NonMaskableInt_IRQn=true\:0\:0\:false\:false\:true
NVIC.PendSV_IRQn=true\:0\:0\:false\:false\:true
NVIC.PriorityGroup=NVIC_PRIORITYGROUP_4
NVIC.SVCall_IRQn=true\:0\:0\:false\:false\:true
NVIC.SysTick_IRQn=true\:0\:0\:false\:false\:true
NVIC.UsageFault_IRQn=true\:0\:0\:false\:false\:true
PA0/WKUP.Locked=true
PA0/WKUP.Signal=ADCx_IN0
PA1.Locked=true
PA1.Signal=ADCx_IN1
PA13.Locked=true
PA13.Mode=JTAG_4_pins
PA13.Signal=SYS_JTMS-SWDIO
PA14.Locked=true
PA14.Mode=JTAG_4_pins
PA14.Signal=SYS_JTCK-SWCLK
PA15.Locked=true
PA15.Mode=JTAG_4_pins
PA15.Signal=SYS_JTDI
PA2.Locked=true
PA2.Signal=ADCx_IN2
PA3.Locked=true
PA3.Signal=ADCx_IN3
PA8.Locked=true
PA8.Mode=I2C
PA8.Signal=I2C3_SCL
PB12.Locked=true
PB12.Mode=OTG/Dual-Role-Device-FS
PB12.Signal=USB_OTG_HS_ID
PB13.Locked=true
PB13.Mode=Activate_VBUS_FS
PB13.Signal=USB_OTG_HS_VBUS
PB14.Locked=true
PB14.Mode=OTG/Dual-Role-Device-FS
PB14.Signal=USB_OTG_HS_DM
PB15.Locked=true
PB15.Mode=OTG/Dual-Role-Device-FS
PB15.Signal=USB_OTG_HS_DP
PB2.Locked=true
PB2.Mode=Single Bank 2
PB2.Signal=QUADSPI_CLK
PB3.Locked=true
PB3.Mode=JTAG_4_pins
PB3.Signal=SYS_JTDO-SWO
PB6.Locked=true
PB6.Mode=I2C
PB6.Signal=I2C1_SCL
PB7.Locked=true
PB7.Mode=I2C
PB7.Signal=I2C1_SDA
PB8.Locked=true
PB8.Signal=S_TIM10_CH1
PC1.Locked=true
PC1.Mode=Timestamp enabled - Input Enabled to TS
PC1.Signal=RTC_TS
PC11.Locked=true
PC11.Mode=Single Bank 2
PC11.Signal=QUADSPI_BK2_NCS
PC12.Locked=true
PC12.Mode=SD_1_bit
PC12.Signal=SDMMC1_CK
PC13.Locked=true
PC13.Mode=AlarmB_RoutedAF
PC13.Signal=RTC_OUT_ALARM
PC14/OSC32_IN.Locked=true
PC14/OSC32_IN.Mode=LSE-External-Oscillator
PC14/OSC32_IN.Signal=RCC_OSC32_IN
PC15/OSC32_OUT.Locked=true
PC15/OSC32_OUT.Mode=LSE-External-Oscillator
PC15/OSC32_OUT.Signal=RCC_OSC32_OUT
PC8.Locked=true
PC8.Mode=SD_1_bit
PC8.Signal=SDMMC1_D0
PC9.Locked=true
PC9.Mode=I2C
PC9.Signal=I2C3_SDA
PCC.Checker=false
PCC.Line=STM32F7x6
PCC.MCU=STM32F756VGTx
PCC.PartNumber=STM32F756VGTx
PCC.Seq0=0
PCC.Series=STM32F7
PCC.Temperature=25
PCC.Vdd=3.3
PD12.Locked=true
PD12.Mode=I2C
PD12.Signal=I2C4_SCL
PD13.Locked=true
PD13.Mode=I2C
PD13.Signal=I2C4_SDA
PD2.Locked=true
PD2.Mode=SD_1_bit
PD2.Signal=SDMMC1_CMD
PE0.Locked=true
PE0.Mode=Asynchronous
PE0.Signal=UART8_RX
PE1.Locked=true
PE1.Mode=Asynchronous
PE1.Signal=UART8_TX
PE10.Locked=true
PE10.Mode=Single Bank 2
PE10.Signal=QUADSPI_BK2_IO3
PE2.Locked=true
PE2.Mode=SAI_A_MasterWithClock
PE2.Signal=SAI1_MCLK_A
PE4.Locked=true
PE4.Mode=SAI_A_MasterWithClock
PE4.Signal=SAI1_FS_A
PE5.Locked=true
PE5.Mode=SAI_A_MasterWithClock
PE5.Signal=SAI1_SCK_A
PE6.Locked=true
PE6.Mode=SAI_A_MasterWithClock
PE6.Signal=SAI1_SD_A
PE7.Locked=true
PE7.Mode=Single Bank 2
PE7.Signal=QUADSPI_BK2_IO0
PE8.Locked=true
PE8.Mode=Single Bank 2
PE8.Signal=QUADSPI_BK2_IO1
PE9.Locked=true
PE9.Mode=Single Bank 2
PE9.Signal=QUADSPI_BK2_IO2
PH0/OSC_IN.Locked=true
PH0/OSC_IN.Mode=HSE-External-Oscillator
PH0/OSC_IN.Signal=RCC_OSC_IN
PH1/OSC_OUT.Locked=true
PH1/OSC_OUT.Mode=HSE-External-Oscillator
PH1/OSC_OUT.Signal=RCC_OSC_OUT
PinOutPanel.RotationAngle=0
RCC.CECFreq_Value=32786.88524590164
RCC.FamilyName=M
RCC.HSE_VALUE=25000000
RCC.HSI_VALUE=16000000
RCC.I2SFreq_Value=96000000
RCC.IPParameters=CECFreq_Value,FamilyName,HSE_VALUE,HSI_VALUE,I2SFreq_Value,LCDTFToutputFreq_Value,LSI_VALUE,PLLCLKFreq_Value,PLLI2SPCLKFreq_Value,PLLI2SQCLKFreq_Value,PLLI2SRCLKFreq_Value,PLLQCLKFreq_Value,PLLQoutputFreq_Value,PLLSAIPCLKFreq_Value,PLLSAIQCLKFreq_Value,PLLSAIRCLKFreq_Value,PLLSAIoutputFreq_Value,PLLSource,PLLSourceVirtualString,RNGFreq_Value,SAI1Freq_Value,SAI2Freq_Value,SDMMCFreq_Value,SPDIFRXFreq_Value,USBFreq_Value,VCOI2SOutputFreq_Value,VCOInputFreq_Value,VCOOutputFreq_Value,VCOSAIOutputFreq_Value
RCC.LCDTFToutputFreq_Value=48000000
RCC.LSI_VALUE=32000
RCC.PLLCLKFreq_Value=96000000
RCC.PLLI2SPCLKFreq_Value=96000000
RCC.PLLI2SQCLKFreq_Value=96000000
RCC.PLLI2SRCLKFreq_Value=96000000
RCC.PLLQCLKFreq_Value=96000000
RCC.PLLQoutputFreq_Value=96000000
RCC.PLLSAIPCLKFreq_Value=96000000
RCC.PLLSAIQCLKFreq_Value=96000000
RCC.PLLSAIRCLKFreq_Value=96000000
RCC.PLLSAIoutputFreq_Value=96000000
RCC.PLLSource=RCC_PLLSOURCE_HSI
RCC.PLLSourceVirtualString=RCC_PLLSOURCE_HSI
RCC.RNGFreq_Value=96000000
RCC.SAI1Freq_Value=96000000
RCC.SAI2Freq_Value=96000000
RCC.SDMMCFreq_Value=16000000
RCC.SPDIFRXFreq_Value=96000000
RCC.USBFreq_Value=96000000
RCC.VCOI2SOutputFreq_Value=192000000
RCC.VCOInputFreq_Value=1000000
RCC.VCOOutputFreq_Value=192000000
RCC.VCOSAIOutputFreq_Value=192000000
RTC.Alarm-Alarm\ A=RTC_ALARM_A
RTC.Alarm_B-AlarmB_RoutedAF=RTC_ALARM_B
RTC.IPParameters=Alarm-Alarm A,Alarm_B-AlarmB_RoutedAF
SAI1.IPParameters=Instance-SAI_A_MasterWithClock,VirtualMode-SAI_A_MasterWithClock,Synchro-SAI_A_MasterWithClock,MClockEnable
SAI1.Instance-SAI_A_MasterWithClock=SAI$Index_Block_A
SAI1.MClockEnable=SAI_MASTERCLOCK_ENABLE
SAI1.Synchro-SAI_A_MasterWithClock=SAI_ASYNCHRONOUS
SAI1.VirtualMode-SAI_A_MasterWithClock=VM_MASTER
SH.ADCx_IN0.0=ADC1_IN0,IN0
SH.ADCx_IN0.1=ADC2_IN0,IN0
SH.ADCx_IN0.ConfNb=2
SH.ADCx_IN1.0=ADC1_IN1,IN1
SH.ADCx_IN1.1=ADC2_IN1,IN1
SH.ADCx_IN1.ConfNb=2
SH.ADCx_IN2.0=ADC1_IN2,IN2
SH.ADCx_IN2.1=ADC2_IN2,IN2
SH.ADCx_IN2.ConfNb=2
SH.ADCx_IN3.0=ADC1_IN3,IN3
SH.ADCx_IN3.1=ADC2_IN3,IN3
SH.ADCx_IN3.ConfNb=2
SH.S_TIM10_CH1.0=TIM10_CH1,PWM Generation1 CH1
SH.S_TIM10_CH1.ConfNb=1
TIM10.Channel=TIM_CHANNEL_1
TIM10.IPParameters=Channel
VP_ADC1_Vbat_Input.Mode=IN-Vbat
VP_ADC1_Vbat_Input.Signal=ADC1_Vbat_Input
VP_DMA2D_VS_DMA2D.Mode=DMA2D_Activate
VP_DMA2D_VS_DMA2D.Signal=DMA2D_VS_DMA2D
VP_RTC_VS_RTC_Activate.Mode=RTC_Enabled
VP_RTC_VS_RTC_Activate.Signal=RTC_VS_RTC_Activate
VP_RTC_VS_RTC_Alarm_A_Intern.Mode=Alarm A
VP_RTC_VS_RTC_Alarm_A_Intern.Signal=RTC_VS_RTC_Alarm_A_Intern
VP_RTC_VS_RTC_Calendar.Mode=RTC_Calendar
VP_RTC_VS_RTC_Calendar.Signal=RTC_VS_RTC_Calendar
VP_RTC_VS_RTC_WakeUp_intern.Mode=WakeUp
VP_RTC_VS_RTC_WakeUp_intern.Signal=RTC_VS_RTC_WakeUp_intern
VP_SYS_VS_Systick.Mode=SysTick
VP_SYS_VS_Systick.Signal=SYS_VS_Systick
VP_TIM10_VS_ClockSourceINT.Mode=Enable_Timer
VP_TIM10_VS_ClockSourceINT.Signal=TIM10_VS_ClockSourceINT
